
Microsoft Visual Studio Solution File, Format Version 12.00
# Visual Studio Version 17
VisualStudioVersion = 17.13.35913.81
MinimumVisualStudioVersion = 10.0.40219.1
Project("{FAE04EC0-301F-11D3-BF4B-00C04F79EFBC}") = "Web", "MealPulse\Web.csproj", "{56BC8B1C-BD93-4EB6-BF07-E56F00E5E27D}"
	ProjectSection(ProjectDependencies) = postProject
		{7713D443-C016-4BDA-AF36-75D62567D32B} = {7713D443-C016-4BDA-AF36-75D62567D32B}
		{78E6DD28-223F-4C8C-B274-977C83C15059} = {78E6DD28-223F-4C8C-B274-977C83C15059}
	EndProjectSection
EndProject
Project("{FAE04EC0-301F-11D3-BF4B-00C04F79EFBC}") = "DataAccess", "DataAccess\DataAccess.csproj", "{3C6C72AF-658D-4124-9F58-027A7F78721A}"
	ProjectSection(ProjectDependencies) = postProject
		{7713D443-C016-4BDA-AF36-75D62567D32B} = {7713D443-C016-4BDA-AF36-75D62567D32B}
		{FF05F801-D9DA-457C-8721-7056845AC3B0} = {FF05F801-D9DA-457C-8721-7056845AC3B0}
	EndProjectSection
EndProject
Project("{FAE04EC0-301F-11D3-BF4B-00C04F79EFBC}") = "Services", "Services\Services.csproj", "{F5081148-3547-455B-8889-A1B8AC7E0530}"
	ProjectSection(ProjectDependencies) = postProject
		{7713D443-C016-4BDA-AF36-75D62567D32B} = {7713D443-C016-4BDA-AF36-75D62567D32B}
		{78E6DD28-223F-4C8C-B274-977C83C15059} = {78E6DD28-223F-4C8C-B274-977C83C15059}
		{FF05F801-D9DA-457C-8721-7056845AC3B0} = {FF05F801-D9DA-457C-8721-7056845AC3B0}
	EndProjectSection
EndProject
Project("{FAE04EC0-301F-11D3-BF4B-00C04F79EFBC}") = "Tests", "Tests\Tests.csproj", "{BFF604E7-0888-4516-B64D-3AB70ADCF28C}"
EndProject
Project("{FAE04EC0-301F-11D3-BF4B-00C04F79EFBC}") = "DTOs", "DTOs\DTOs.csproj", "{78E6DD28-223F-4C8C-B274-977C83C15059}"
	ProjectSection(ProjectDependencies) = postProject
		{7713D443-C016-4BDA-AF36-75D62567D32B} = {7713D443-C016-4BDA-AF36-75D62567D32B}
	EndProjectSection
EndProject
Project("{FAE04EC0-301F-11D3-BF4B-00C04F79EFBC}") = "Models", "Models\Models.csproj", "{FF05F801-D9DA-457C-8721-7056845AC3B0}"
	ProjectSection(ProjectDependencies) = postProject
		{7713D443-C016-4BDA-AF36-75D62567D32B} = {7713D443-C016-4BDA-AF36-75D62567D32B}
	EndProjectSection
EndProject
Project("{FAE04EC0-301F-11D3-BF4B-00C04F79EFBC}") = "Common", "Common\Common.csproj", "{7713D443-C016-4BDA-AF36-75D62567D32B}"
EndProject
Global
	GlobalSection(SolutionConfigurationPlatforms) = preSolution
		Debug|Any CPU = Debug|Any CPU
		Release|Any CPU = Release|Any CPU
	EndGlobalSection
	GlobalSection(ProjectConfigurationPlatforms) = postSolution
		{56BC8B1C-BD93-4EB6-BF07-E56F00E5E27D}.Debug|Any CPU.ActiveCfg = Debug|Any CPU
		{56BC8B1C-BD93-4EB6-BF07-E56F00E5E27D}.Debug|Any CPU.Build.0 = Debug|Any CPU
		{56BC8B1C-BD93-4EB6-BF07-E56F00E5E27D}.Release|Any CPU.ActiveCfg = Release|Any CPU
		{56BC8B1C-BD93-4EB6-BF07-E56F00E5E27D}.Release|Any CPU.Build.0 = Release|Any CPU
		{3C6C72AF-658D-4124-9F58-027A7F78721A}.Debug|Any CPU.ActiveCfg = Debug|Any CPU
		{3C6C72AF-658D-4124-9F58-027A7F78721A}.Debug|Any CPU.Build.0 = Debug|Any CPU
		{3C6C72AF-658D-4124-9F58-027A7F78721A}.Release|Any CPU.ActiveCfg = Release|Any CPU
		{3C6C72AF-658D-4124-9F58-027A7F78721A}.Release|Any CPU.Build.0 = Release|Any CPU
		{F5081148-3547-455B-8889-A1B8AC7E0530}.Debug|Any CPU.ActiveCfg = Debug|Any CPU
		{F5081148-3547-455B-8889-A1B8AC7E0530}.Debug|Any CPU.Build.0 = Debug|Any CPU
		{F5081148-3547-455B-8889-A1B8AC7E0530}.Release|Any CPU.ActiveCfg = Release|Any CPU
		{F5081148-3547-455B-8889-A1B8AC7E0530}.Release|Any CPU.Build.0 = Release|Any CPU
		{BFF604E7-0888-4516-B64D-3AB70ADCF28C}.Debug|Any CPU.ActiveCfg = Debug|Any CPU
		{BFF604E7-0888-4516-B64D-3AB70ADCF28C}.Debug|Any CPU.Build.0 = Debug|Any CPU
		{BFF604E7-0888-4516-B64D-3AB70ADCF28C}.Release|Any CPU.ActiveCfg = Release|Any CPU
		{BFF604E7-0888-4516-B64D-3AB70ADCF28C}.Release|Any CPU.Build.0 = Release|Any CPU
		{78E6DD28-223F-4C8C-B274-977C83C15059}.Debug|Any CPU.ActiveCfg = Debug|Any CPU
		{78E6DD28-223F-4C8C-B274-977C83C15059}.Debug|Any CPU.Build.0 = Debug|Any CPU
		{78E6DD28-223F-4C8C-B274-977C83C15059}.Release|Any CPU.ActiveCfg = Release|Any CPU
		{78E6DD28-223F-4C8C-B274-977C83C15059}.Release|Any CPU.Build.0 = Release|Any CPU
		{FF05F801-D9DA-457C-8721-7056845AC3B0}.Debug|Any CPU.ActiveCfg = Debug|Any CPU
		{FF05F801-D9DA-457C-8721-7056845AC3B0}.Debug|Any CPU.Build.0 = Debug|Any CPU
		{FF05F801-D9DA-457C-8721-7056845AC3B0}.Release|Any CPU.ActiveCfg = Release|Any CPU
		{FF05F801-D9DA-457C-8721-7056845AC3B0}.Release|Any CPU.Build.0 = Release|Any CPU
		{7713D443-C016-4BDA-AF36-75D62567D32B}.Debug|Any CPU.ActiveCfg = Debug|Any CPU
		{7713D443-C016-4BDA-AF36-75D62567D32B}.Debug|Any CPU.Build.0 = Debug|Any CPU
		{7713D443-C016-4BDA-AF36-75D62567D32B}.Release|Any CPU.ActiveCfg = Release|Any CPU
		{7713D443-C016-4BDA-AF36-75D62567D32B}.Release|Any CPU.Build.0 = Release|Any CPU
	EndGlobalSection
	GlobalSection(SolutionProperties) = preSolution
		HideSolutionNode = FALSE
	EndGlobalSection
	GlobalSection(ExtensibilityGlobals) = postSolution
		SolutionGuid = {C37AB254-A2B6-4609-A9CD-94E94EBFED52}
	EndGlobalSection
EndGlobal
